
Microsoft Visual Studio Solution File, Format Version 12.00
# Visual Studio Version 16
VisualStudioVersion = 16.0.31321.278
MinimumVisualStudioVersion = 10.0.40219.1
Project("{FAE04EC0-301F-11D3-BF4B-00C04F79EFBC}") = "OddorEven", "OddorEven\OddorEven.csproj", "{DA1254B0-1307-462F-B8B2-CBB02D9CFA39}"
EndProject
Global
	GlobalSection(SolutionConfigurationPlatforms) = preSolution
		Debug|Any CPU = Debug|Any CPU
		Release|Any CPU = Release|Any CPU
	EndGlobalSection
	GlobalSection(ProjectConfigurationPlatforms) = postSolution
		{DA1254B0-1307-462F-B8B2-CBB02D9CFA39}.Debug|Any CPU.ActiveCfg = Debug|Any CPU
		{DA1254B0-1307-462F-B8B2-CBB02D9CFA39}.Debug|Any CPU.Build.0 = Debug|Any CPU
		{DA1254B0-1307-462F-B8B2-CBB02D9CFA39}.Release|Any CPU.ActiveCfg = Release|Any CPU
		{DA1254B0-1307-462F-B8B2-CBB02D9CFA39}.Release|Any CPU.Build.0 = Release|Any CPU
	EndGlobalSection
	GlobalSection(SolutionProperties) = preSolution
		HideSolutionNode = FALSE
	EndGlobalSection
	GlobalSection(ExtensibilityGlobals) = postSolution
		SolutionGuid = {8A545D14-FB83-4A0B-ACCD-927BD27E49D7}
	EndGlobalSection
EndGlobal
